
Microsoft Visual Studio Solution File, Format Version 12.00
# Visual Studio 15
VisualStudioVersion = 15.0.27004.2009
MinimumVisualStudioVersion = 10.0.40219.1
Project("{FAE04EC0-301F-11D3-BF4B-00C04F79EFBC}") = "DownloadClient", "DownloadClient\DownloadClient.csproj", "{D87DB98A-653A-4543-AA98-CD717E380A3A}"
EndProject
Project("{FAE04EC0-301F-11D3-BF4B-00C04F79EFBC}") = "ConsoleUI", "ConsoleUI\ConsoleUI.csproj", "{705FE9C5-AA4B-4DD1-BFB6-DD155C140568}"
EndProject
Global
	GlobalSection(SolutionConfigurationPlatforms) = preSolution
		Debug|Any CPU = Debug|Any CPU
		Release|Any CPU = Release|Any CPU
	EndGlobalSection
	GlobalSection(ProjectConfigurationPlatforms) = postSolution
		{D87DB98A-653A-4543-AA98-CD717E380A3A}.Debug|Any CPU.ActiveCfg = Debug|Any CPU
		{D87DB98A-653A-4543-AA98-CD717E380A3A}.Debug|Any CPU.Build.0 = Debug|Any CPU
		{D87DB98A-653A-4543-AA98-CD717E380A3A}.Release|Any CPU.ActiveCfg = Release|Any CPU
		{D87DB98A-653A-4543-AA98-CD717E380A3A}.Release|Any CPU.Build.0 = Release|Any CPU
		{705FE9C5-AA4B-4DD1-BFB6-DD155C140568}.Debug|Any CPU.ActiveCfg = Debug|Any CPU
		{705FE9C5-AA4B-4DD1-BFB6-DD155C140568}.Debug|Any CPU.Build.0 = Debug|Any CPU
		{705FE9C5-AA4B-4DD1-BFB6-DD155C140568}.Release|Any CPU.ActiveCfg = Release|Any CPU
		{705FE9C5-AA4B-4DD1-BFB6-DD155C140568}.Release|Any CPU.Build.0 = Release|Any CPU
	EndGlobalSection
	GlobalSection(SolutionProperties) = preSolution
		HideSolutionNode = FALSE
	EndGlobalSection
	GlobalSection(ExtensibilityGlobals) = postSolution
		SolutionGuid = {F241DA66-9214-48C2-94AF-CCD0E5B742AE}
	EndGlobalSection
EndGlobal
